
Microsoft Visual Studio Solution File, Format Version 12.00
# Visual Studio Version 16
VisualStudioVersion = 16.0.31205.134
MinimumVisualStudioVersion = 10.0.40219.1
Project("{FAE04EC0-301F-11D3-BF4B-00C04F79EFBC}") = "CollectionTestFramework", "CollectionTestFramework\CollectionTestFramework.csproj", "{2984D415-6694-4095-99C9-FF562C0D1BF2}"
EndProject
Project("{FAE04EC0-301F-11D3-BF4B-00C04F79EFBC}") = "GridViewTestFramework", "GridViewTestFramework\GridViewTestFramework.csproj", "{94694091-F842-4B8C-AEFE-1CD3165F2A5D}"
EndProject
Project("{FAE04EC0-301F-11D3-BF4B-00C04F79EFBC}") = "BindingsFramework", "BindingsFramework\BindingsFramework.csproj", "{6402400D-0310-4310-912C-F83F202ADA5B}"
EndProject
Project("{FAE04EC0-301F-11D3-BF4B-00C04F79EFBC}") = "WpfHelpersFramework", "WpfHelpersFramework\WpfHelpersFramework.csproj", "{3C0EDD1D-2D64-44B5-8CBF-1759666C9749}"
EndProject
Project("{2150E333-8FDC-42A3-9474-1A3956D46DE8}") = "Framework", "Framework", "{9EDC437F-5634-422B-9F37-820145FD231D}"
EndProject
Project("{2150E333-8FDC-42A3-9474-1A3956D46DE8}") = "Standard", "Standard", "{CCC1ACB6-8152-4A06-A2AD-E0661C9257C2}"
EndProject
Project("{2150E333-8FDC-42A3-9474-1A3956D46DE8}") = "Core", "Core", "{375CBC28-F836-4E25-A829-97BA42845059}"
EndProject
Project("{2150E333-8FDC-42A3-9474-1A3956D46DE8}") = "Tests", "Tests", "{77DC7414-D2D0-4D06-84C9-79E3264A9141}"
EndProject
Project("{2150E333-8FDC-42A3-9474-1A3956D46DE8}") = "Tests", "Tests", "{7D59C04D-4450-4458-93DC-9FAAB7F1AD67}"
EndProject
Project("{FAE04EC0-301F-11D3-BF4B-00C04F79EFBC}") = "BindingUnitTestFramework", "BindingUnitTestFramework\BindingUnitTestFramework.csproj", "{482E40FF-E73C-4E79-8931-0579F702BC48}"
EndProject
Project("{9A19103F-16F7-4668-BE54-9A1E7A4F7556}") = "BindingUnitTestCore", "BindingUnitTestCore\BindingUnitTestCore.csproj", "{EE355982-03CB-4865-99EF-126B45DDE8B1}"
EndProject
Project("{9A19103F-16F7-4668-BE54-9A1E7A4F7556}") = "WpfHelpersCore", "WpfHelpersCore\WpfHelpersCore.csproj", "{F2DA27B9-DB43-4023-AC09-5CE9370C4A9B}"
EndProject
Project("{9A19103F-16F7-4668-BE54-9A1E7A4F7556}") = "Collections", "Collections\Collections.csproj", "{F6103339-0944-4383-A0B8-2B730A5DA6CD}"
EndProject
Project("{9A19103F-16F7-4668-BE54-9A1E7A4F7556}") = "CollectionTestCore", "CollectionTestCore\CollectionTestCore.csproj", "{EE22F716-4B35-4EED-ABF1-DD10821E8954}"
EndProject
Project("{9A19103F-16F7-4668-BE54-9A1E7A4F7556}") = "GridViewTestCore", "GridViewTestCore\GridViewTestCore.csproj", "{41BF0384-D69D-4FCB-9FA9-4C56FB2464F3}"
EndProject
Project("{9A19103F-16F7-4668-BE54-9A1E7A4F7556}") = "BindingsCore", "BindingsCore\BindingsCore.csproj", "{7F515574-B211-4C06-9E2B-A9275D5DEE70}"
EndProject
Project("{FAE04EC0-301F-11D3-BF4B-00C04F79EFBC}") = "CollectionsFramework", "CollectionsFramework\CollectionsFramework.csproj", "{C39D2EC4-C5F6-4F41-9620-B65550C2688A}"
EndProject
Global
	GlobalSection(SolutionConfigurationPlatforms) = preSolution
		Debug|Any CPU = Debug|Any CPU
		Release|Any CPU = Release|Any CPU
	EndGlobalSection
	GlobalSection(ProjectConfigurationPlatforms) = postSolution
		{2984D415-6694-4095-99C9-FF562C0D1BF2}.Debug|Any CPU.ActiveCfg = Debug|Any CPU
		{2984D415-6694-4095-99C9-FF562C0D1BF2}.Debug|Any CPU.Build.0 = Debug|Any CPU
		{2984D415-6694-4095-99C9-FF562C0D1BF2}.Release|Any CPU.ActiveCfg = Release|Any CPU
		{2984D415-6694-4095-99C9-FF562C0D1BF2}.Release|Any CPU.Build.0 = Release|Any CPU
		{94694091-F842-4B8C-AEFE-1CD3165F2A5D}.Debug|Any CPU.ActiveCfg = Debug|Any CPU
		{94694091-F842-4B8C-AEFE-1CD3165F2A5D}.Debug|Any CPU.Build.0 = Debug|Any CPU
		{94694091-F842-4B8C-AEFE-1CD3165F2A5D}.Release|Any CPU.ActiveCfg = Release|Any CPU
		{94694091-F842-4B8C-AEFE-1CD3165F2A5D}.Release|Any CPU.Build.0 = Release|Any CPU
		{6402400D-0310-4310-912C-F83F202ADA5B}.Debug|Any CPU.ActiveCfg = Debug|Any CPU
		{6402400D-0310-4310-912C-F83F202ADA5B}.Debug|Any CPU.Build.0 = Debug|Any CPU
		{6402400D-0310-4310-912C-F83F202ADA5B}.Release|Any CPU.ActiveCfg = Release|Any CPU
		{6402400D-0310-4310-912C-F83F202ADA5B}.Release|Any CPU.Build.0 = Release|Any CPU
		{3C0EDD1D-2D64-44B5-8CBF-1759666C9749}.Debug|Any CPU.ActiveCfg = Debug|Any CPU
		{3C0EDD1D-2D64-44B5-8CBF-1759666C9749}.Debug|Any CPU.Build.0 = Debug|Any CPU
		{3C0EDD1D-2D64-44B5-8CBF-1759666C9749}.Release|Any CPU.ActiveCfg = Release|Any CPU
		{3C0EDD1D-2D64-44B5-8CBF-1759666C9749}.Release|Any CPU.Build.0 = Release|Any CPU
		{482E40FF-E73C-4E79-8931-0579F702BC48}.Debug|Any CPU.ActiveCfg = Debug|Any CPU
		{482E40FF-E73C-4E79-8931-0579F702BC48}.Debug|Any CPU.Build.0 = Debug|Any CPU
		{482E40FF-E73C-4E79-8931-0579F702BC48}.Release|Any CPU.ActiveCfg = Release|Any CPU
		{482E40FF-E73C-4E79-8931-0579F702BC48}.Release|Any CPU.Build.0 = Release|Any CPU
		{EE355982-03CB-4865-99EF-126B45DDE8B1}.Debug|Any CPU.ActiveCfg = Debug|Any CPU
		{EE355982-03CB-4865-99EF-126B45DDE8B1}.Debug|Any CPU.Build.0 = Debug|Any CPU
		{EE355982-03CB-4865-99EF-126B45DDE8B1}.Release|Any CPU.ActiveCfg = Release|Any CPU
		{EE355982-03CB-4865-99EF-126B45DDE8B1}.Release|Any CPU.Build.0 = Release|Any CPU
		{F2DA27B9-DB43-4023-AC09-5CE9370C4A9B}.Debug|Any CPU.ActiveCfg = Debug|Any CPU
		{F2DA27B9-DB43-4023-AC09-5CE9370C4A9B}.Debug|Any CPU.Build.0 = Debug|Any CPU
		{F2DA27B9-DB43-4023-AC09-5CE9370C4A9B}.Release|Any CPU.ActiveCfg = Release|Any CPU
		{F2DA27B9-DB43-4023-AC09-5CE9370C4A9B}.Release|Any CPU.Build.0 = Release|Any CPU
		{F6103339-0944-4383-A0B8-2B730A5DA6CD}.Debug|Any CPU.ActiveCfg = Debug|Any CPU
		{F6103339-0944-4383-A0B8-2B730A5DA6CD}.Debug|Any CPU.Build.0 = Debug|Any CPU
		{F6103339-0944-4383-A0B8-2B730A5DA6CD}.Release|Any CPU.ActiveCfg = Release|Any CPU
		{F6103339-0944-4383-A0B8-2B730A5DA6CD}.Release|Any CPU.Build.0 = Release|Any CPU
		{EE22F716-4B35-4EED-ABF1-DD10821E8954}.Debug|Any CPU.ActiveCfg = Debug|Any CPU
		{EE22F716-4B35-4EED-ABF1-DD10821E8954}.Debug|Any CPU.Build.0 = Debug|Any CPU
		{EE22F716-4B35-4EED-ABF1-DD10821E8954}.Release|Any CPU.ActiveCfg = Release|Any CPU
		{EE22F716-4B35-4EED-ABF1-DD10821E8954}.Release|Any CPU.Build.0 = Release|Any CPU
		{41BF0384-D69D-4FCB-9FA9-4C56FB2464F3}.Debug|Any CPU.ActiveCfg = Debug|Any CPU
		{41BF0384-D69D-4FCB-9FA9-4C56FB2464F3}.Debug|Any CPU.Build.0 = Debug|Any CPU
		{41BF0384-D69D-4FCB-9FA9-4C56FB2464F3}.Release|Any CPU.ActiveCfg = Release|Any CPU
		{41BF0384-D69D-4FCB-9FA9-4C56FB2464F3}.Release|Any CPU.Build.0 = Release|Any CPU
		{7F515574-B211-4C06-9E2B-A9275D5DEE70}.Debug|Any CPU.ActiveCfg = Debug|Any CPU
		{7F515574-B211-4C06-9E2B-A9275D5DEE70}.Debug|Any CPU.Build.0 = Debug|Any CPU
		{7F515574-B211-4C06-9E2B-A9275D5DEE70}.Release|Any CPU.ActiveCfg = Release|Any CPU
		{7F515574-B211-4C06-9E2B-A9275D5DEE70}.Release|Any CPU.Build.0 = Release|Any CPU
		{C39D2EC4-C5F6-4F41-9620-B65550C2688A}.Debug|Any CPU.ActiveCfg = Debug|Any CPU
		{C39D2EC4-C5F6-4F41-9620-B65550C2688A}.Debug|Any CPU.Build.0 = Debug|Any CPU
		{C39D2EC4-C5F6-4F41-9620-B65550C2688A}.Release|Any CPU.ActiveCfg = Release|Any CPU
		{C39D2EC4-C5F6-4F41-9620-B65550C2688A}.Release|Any CPU.Build.0 = Release|Any CPU
	EndGlobalSection
	GlobalSection(SolutionProperties) = preSolution
		HideSolutionNode = FALSE
	EndGlobalSection
	GlobalSection(NestedProjects) = preSolution
		{2984D415-6694-4095-99C9-FF562C0D1BF2} = {77DC7414-D2D0-4D06-84C9-79E3264A9141}
		{94694091-F842-4B8C-AEFE-1CD3165F2A5D} = {77DC7414-D2D0-4D06-84C9-79E3264A9141}
		{6402400D-0310-4310-912C-F83F202ADA5B} = {9EDC437F-5634-422B-9F37-820145FD231D}
		{3C0EDD1D-2D64-44B5-8CBF-1759666C9749} = {9EDC437F-5634-422B-9F37-820145FD231D}
		{77DC7414-D2D0-4D06-84C9-79E3264A9141} = {9EDC437F-5634-422B-9F37-820145FD231D}
		{7D59C04D-4450-4458-93DC-9FAAB7F1AD67} = {375CBC28-F836-4E25-A829-97BA42845059}
		{482E40FF-E73C-4E79-8931-0579F702BC48} = {77DC7414-D2D0-4D06-84C9-79E3264A9141}
		{EE355982-03CB-4865-99EF-126B45DDE8B1} = {7D59C04D-4450-4458-93DC-9FAAB7F1AD67}
		{F2DA27B9-DB43-4023-AC09-5CE9370C4A9B} = {375CBC28-F836-4E25-A829-97BA42845059}
		{F6103339-0944-4383-A0B8-2B730A5DA6CD} = {CCC1ACB6-8152-4A06-A2AD-E0661C9257C2}
		{EE22F716-4B35-4EED-ABF1-DD10821E8954} = {7D59C04D-4450-4458-93DC-9FAAB7F1AD67}
		{41BF0384-D69D-4FCB-9FA9-4C56FB2464F3} = {7D59C04D-4450-4458-93DC-9FAAB7F1AD67}
		{7F515574-B211-4C06-9E2B-A9275D5DEE70} = {375CBC28-F836-4E25-A829-97BA42845059}
		{C39D2EC4-C5F6-4F41-9620-B65550C2688A} = {9EDC437F-5634-422B-9F37-820145FD231D}
	EndGlobalSection
	GlobalSection(ExtensibilityGlobals) = postSolution
		SolutionGuid = {531DB9C1-406B-44D3-B5B1-D03BD2F40244}
	EndGlobalSection
EndGlobal
